
Microsoft Visual Studio Solution File, Format Version 12.00
# Visual Studio Version 16
VisualStudioVersion = 16.0.31025.194
MinimumVisualStudioVersion = 10.0.40219.1
Project("{FAE04EC0-301F-11D3-BF4B-00C04F79EFBC}") = "GBankApp", "GBankApp\GBankApp.csproj", "{FA3AE1D6-105A-4655-B4A7-C87D67F5049A}"
EndProject
Global
	GlobalSection(SolutionConfigurationPlatforms) = preSolution
		Debug|Any CPU = Debug|Any CPU
		Release|Any CPU = Release|Any CPU
	EndGlobalSection
	GlobalSection(ProjectConfigurationPlatforms) = postSolution
		{FA3AE1D6-105A-4655-B4A7-C87D67F5049A}.Debug|Any CPU.ActiveCfg = Debug|Any CPU
		{FA3AE1D6-105A-4655-B4A7-C87D67F5049A}.Debug|Any CPU.Build.0 = Debug|Any CPU
		{FA3AE1D6-105A-4655-B4A7-C87D67F5049A}.Release|Any CPU.ActiveCfg = Release|Any CPU
		{FA3AE1D6-105A-4655-B4A7-C87D67F5049A}.Release|Any CPU.Build.0 = Release|Any CPU
	EndGlobalSection
	GlobalSection(SolutionProperties) = preSolution
		HideSolutionNode = FALSE
	EndGlobalSection
	GlobalSection(ExtensibilityGlobals) = postSolution
		SolutionGuid = {0D0A4272-0883-47A9-9566-26CFB673414B}
	EndGlobalSection
EndGlobal
